{
  "originHash" : "00fd22bee8767dd94098ac4099bf4d03d7e0b914d1ead04c5e56c17afac95695",
  "pins" : [
    {
      "identity" : "alamofire",
      "kind" : "remoteSourceControl",
      "location" : "https://github.com/Alamofire/Alamofire",
      "state" : {
        "revision" : "513364f870f6bfc468f9d2ff0a95caccc10044c5",
        "version" : "5.10.2"
      }
    },
    {
      "identity" : "darockfoundation",
      "kind" : "remoteSourceControl",
      "location" : "https://github.com/Darock-Studio/DarockFoundation",
      "state" : {
        "branch" : "main",
        "revision" : "217f002106f97eebac53765f24911ae1d9861ce7"
      }
    },
    {
      "identity" : "darockui",
      "kind" : "remoteSourceControl",
      "location" : "https://github.com/Darock-Studio/DarockUI",
      "state" : {
        "branch" : "main",
        "revision" : "a7f4dc5ce3e7bd47f83e867b35b48e64144249cc"
      }
    },
    {
      "identity" : "notifkit",
      "kind" : "remoteSourceControl",
      "location" : "https://github.com/Darock-Studio/NotifKit",
      "state" : {
        "branch" : "main",
        "revision" : "16495ac1a4ea487f4ca0b91c618741d3632169fa"
      }
    },
    {
      "identity" : "sdwebimage",
      "kind" : "remoteSourceControl",
      "location" : "https://github.com/SDWebImage/SDWebImage.git",
      "state" : {
        "revision" : "cac9a55a3ae92478a2c95042dcc8d9695d2129ca",
        "version" : "5.21.0"
      }
    },
    {
      "identity" : "sdwebimageswiftui",
      "kind" : "remoteSourceControl",
      "location" : "https://github.com/SDWebImage/SDWebImageSwiftUI",
      "state" : {
        "revision" : "451c6dfd5ecec2cf626d1d9ca81c2d4a60355172",
        "version" : "3.1.3"
      }
    },
    {
      "identity" : "swiftui-introspect",
      "kind" : "remoteSourceControl",
      "location" : "https://github.com/siteline/SwiftUI-Introspect",
      "state" : {
        "revision" : "26986a57e31c813f98262ddb62d4b07d40008535",
        "version" : "26.0.1"
      }
    },
    {
      "identity" : "swiftyjson",
      "kind" : "remoteSourceControl",
      "location" : "https://github.com/SwiftyJSON/SwiftyJSON",
      "state" : {
        "revision" : "af76cf3ef710b6ca5f8c05f3a31307d44a3c5828",
        "version" : "5.0.2"
      }
    }
  ],
  "version" : 3
}
